
Microsoft Visual Studio Solution File, Format Version 12.00
# Visual Studio Version 17
VisualStudioVersion = 17.9.34728.123
MinimumVisualStudioVersion = 10.0.40219.1
Project("{9A19103F-16F7-4668-BE54-9A1E7A4F7556}") = "Fitamas", "FitamasEngine\Fitamas.csproj", "{E8BC477F-333E-4767-A130-92BB402CC654}"
EndProject
Project("{9A19103F-16F7-4668-BE54-9A1E7A4F7556}") = "HelloWorld", "Samples\HelloWorld\HelloWorld.csproj", "{C3E028AC-B4FB-442B-8F5B-E8DEF19DBCB3}"
EndProject
Project("{9A19103F-16F7-4668-BE54-9A1E7A4F7556}") = "WDL", "Samples\WDL\WDL.csproj", "{84F2AC2A-9DCF-4308-BB7C-57707F23DC08}"
EndProject
Project("{9A19103F-16F7-4668-BE54-9A1E7A4F7556}") = "Physics", "Samples\Physics\Physics.csproj", "{FA08639C-57D0-4DF6-A1AF-22ABF3ED12CC}"
EndProject
Project("{FAE04EC0-301F-11D3-BF4B-00C04F79EFBC}") = "Fitamas.Content.Pipeline", "Fitamas.Content.Pipeline\Fitamas.Content.Pipeline.csproj", "{9346759E-4D20-4AAB-B11E-E60D24C4FCF3}"
EndProject
Global
	GlobalSection(SolutionConfigurationPlatforms) = preSolution
		Debug|Any CPU = Debug|Any CPU
		Release|Any CPU = Release|Any CPU
	EndGlobalSection
	GlobalSection(ProjectConfigurationPlatforms) = postSolution
		{E8BC477F-333E-4767-A130-92BB402CC654}.Debug|Any CPU.ActiveCfg = Debug|Any CPU
		{E8BC477F-333E-4767-A130-92BB402CC654}.Debug|Any CPU.Build.0 = Debug|Any CPU
		{E8BC477F-333E-4767-A130-92BB402CC654}.Release|Any CPU.ActiveCfg = Release|Any CPU
		{E8BC477F-333E-4767-A130-92BB402CC654}.Release|Any CPU.Build.0 = Release|Any CPU
		{C3E028AC-B4FB-442B-8F5B-E8DEF19DBCB3}.Debug|Any CPU.ActiveCfg = Debug|Any CPU
		{C3E028AC-B4FB-442B-8F5B-E8DEF19DBCB3}.Debug|Any CPU.Build.0 = Debug|Any CPU
		{C3E028AC-B4FB-442B-8F5B-E8DEF19DBCB3}.Release|Any CPU.ActiveCfg = Release|Any CPU
		{C3E028AC-B4FB-442B-8F5B-E8DEF19DBCB3}.Release|Any CPU.Build.0 = Release|Any CPU
		{84F2AC2A-9DCF-4308-BB7C-57707F23DC08}.Debug|Any CPU.ActiveCfg = Debug|Any CPU
		{84F2AC2A-9DCF-4308-BB7C-57707F23DC08}.Debug|Any CPU.Build.0 = Debug|Any CPU
		{84F2AC2A-9DCF-4308-BB7C-57707F23DC08}.Release|Any CPU.ActiveCfg = Release|Any CPU
		{84F2AC2A-9DCF-4308-BB7C-57707F23DC08}.Release|Any CPU.Build.0 = Release|Any CPU
		{FA08639C-57D0-4DF6-A1AF-22ABF3ED12CC}.Debug|Any CPU.ActiveCfg = Debug|Any CPU
		{FA08639C-57D0-4DF6-A1AF-22ABF3ED12CC}.Debug|Any CPU.Build.0 = Debug|Any CPU
		{FA08639C-57D0-4DF6-A1AF-22ABF3ED12CC}.Release|Any CPU.ActiveCfg = Release|Any CPU
		{FA08639C-57D0-4DF6-A1AF-22ABF3ED12CC}.Release|Any CPU.Build.0 = Release|Any CPU
		{9346759E-4D20-4AAB-B11E-E60D24C4FCF3}.Debug|Any CPU.ActiveCfg = Debug|Any CPU
		{9346759E-4D20-4AAB-B11E-E60D24C4FCF3}.Debug|Any CPU.Build.0 = Debug|Any CPU
		{9346759E-4D20-4AAB-B11E-E60D24C4FCF3}.Release|Any CPU.ActiveCfg = Release|Any CPU
		{9346759E-4D20-4AAB-B11E-E60D24C4FCF3}.Release|Any CPU.Build.0 = Release|Any CPU
	EndGlobalSection
	GlobalSection(SolutionProperties) = preSolution
		HideSolutionNode = FALSE
	EndGlobalSection
	GlobalSection(ExtensibilityGlobals) = postSolution
		SolutionGuid = {048B2DB9-F2C5-451A-B023-EF112D8E6D1F}
	EndGlobalSection
EndGlobal
